// !$*UTF8*$!
{
	archiveVersion = 1;
	classes = {
	};
	objectVersion = 46;
	objects = {

/* Begin PBXBuildFile section */
		6CBABE6D1AF21D6F0081944E /* container2.png in Resources */ = {isa = PBXBuildFile; fileRef = 6CBABE6C1AF21D6F0081944E /* container2.png */; };
		6CBABE701B2451780081944E /* Renderer.cpp in Sources */ = {isa = PBXBuildFile; fileRef = 6CBABE6E1B2451780081944E /* Renderer.cpp */; };
		6CBABE731B2456A10081944E /* Light.cpp in Sources */ = {isa = PBXBuildFile; fileRef = 6CBABE711B2456A10081944E /* Light.cpp */; };
		6CBABE781B2459510081944E /* PointLight.cpp in Sources */ = {isa = PBXBuildFile; fileRef = 6CBABE761B2459510081944E /* PointLight.cpp */; };
		6CBABE7B1B258E860081944E /* DirectionalLight.cpp in Sources */ = {isa = PBXBuildFile; fileRef = 6CBABE791B258E860081944E /* DirectionalLight.cpp */; };
		6CCB99751ADD1697002CCDD5 /* ResourcePath.mm in Sources */ = {isa = PBXBuildFile; fileRef = 6CCB99741ADD1697002CCDD5 /* ResourcePath.mm */; };
		6CCB99781ADD1697002CCDD5 /* main.cpp in Sources */ = {isa = PBXBuildFile; fileRef = 6CCB99771ADD1697002CCDD5 /* main.cpp */; };
		6CDB74891ADE30BB009BD230 /* basic.vs in Resources */ = {isa = PBXBuildFile; fileRef = 6CDB74881ADE30BB009BD230 /* basic.vs */; };
		6CDB748B1ADE30CD009BD230 /* basic.fs in Resources */ = {isa = PBXBuildFile; fileRef = 6CDB748A1ADE30CD009BD230 /* basic.fs */; };
		6CDB748E1ADE3292009BD230 /* util.cpp in Sources */ = {isa = PBXBuildFile; fileRef = 6CDB748C1ADE3292009BD230 /* util.cpp */; };
		6CDB74911ADE3F8B009BD230 /* OpenGL.framework in Frameworks */ = {isa = PBXBuildFile; fileRef = 6CCB99871ADD18E0002CCDD5 /* OpenGL.framework */; };
		6CDB74931ADE4082009BD230 /* libglfw.3.1.dylib in Frameworks */ = {isa = PBXBuildFile; fileRef = 6CDB74921ADE4082009BD230 /* libglfw.3.1.dylib */; };
		6CDB74961ADE5C88009BD230 /* Shader.cpp in Sources */ = {isa = PBXBuildFile; fileRef = 6CDB74941ADE5C88009BD230 /* Shader.cpp */; };
		6CDB74991ADE5CD5009BD230 /* Object.cpp in Sources */ = {isa = PBXBuildFile; fileRef = 6CDB74971ADE5CD5009BD230 /* Object.cpp */; };
		6CDB749B1ADFB235009BD230 /* libfreeimage.a in Frameworks */ = {isa = PBXBuildFile; fileRef = 6CDB749A1ADFB235009BD230 /* libfreeimage.a */; };
		6CDB749D1ADFB57B009BD230 /* container.jpg in Resources */ = {isa = PBXBuildFile; fileRef = 6CDB749C1ADFB57B009BD230 /* container.jpg */; };
		6CDB74A01ADFC574009BD230 /* Texture.cpp in Sources */ = {isa = PBXBuildFile; fileRef = 6CDB749E1ADFC574009BD230 /* Texture.cpp */; };
		6CDB74A31ADFCA6C009BD230 /* Engine.cpp in Sources */ = {isa = PBXBuildFile; fileRef = 6CDB74A11ADFCA6C009BD230 /* Engine.cpp */; };
		6CDB74A51AE10CDD009BD230 /* awesomeface.png in Resources */ = {isa = PBXBuildFile; fileRef = 6CDB74A41AE10CDD009BD230 /* awesomeface.png */; };
		6CDB74A81AE12879009BD230 /* Transform.cpp in Sources */ = {isa = PBXBuildFile; fileRef = 6CDB74A61AE12879009BD230 /* Transform.cpp */; };
		6CDB74AB1AE4E7CD009BD230 /* Camera.cpp in Sources */ = {isa = PBXBuildFile; fileRef = 6CDB74A91AE4E7CD009BD230 /* Camera.cpp */; };
/* End PBXBuildFile section */

/* Begin PBXFileReference section */
		6CBABE6C1AF21D6F0081944E /* container2.png */ = {isa = PBXFileReference; lastKnownFileType = image.png; path = container2.png; sourceTree = "<group>"; };
		6CBABE6E1B2451780081944E /* Renderer.cpp */ = {isa = PBXFileReference; fileEncoding = 4; lastKnownFileType = sourcecode.cpp.cpp; path = Renderer.cpp; sourceTree = "<group>"; };
		6CBABE6F1B2451780081944E /* Renderer.h */ = {isa = PBXFileReference; fileEncoding = 4; lastKnownFileType = sourcecode.c.h; path = Renderer.h; sourceTree = "<group>"; };
		6CBABE711B2456A10081944E /* Light.cpp */ = {isa = PBXFileReference; fileEncoding = 4; lastKnownFileType = sourcecode.cpp.cpp; path = Light.cpp; sourceTree = "<group>"; };
		6CBABE721B2456A10081944E /* Light.h */ = {isa = PBXFileReference; fileEncoding = 4; lastKnownFileType = sourcecode.c.h; path = Light.h; sourceTree = "<group>"; };
		6CBABE761B2459510081944E /* PointLight.cpp */ = {isa = PBXFileReference; fileEncoding = 4; lastKnownFileType = sourcecode.cpp.cpp; path = PointLight.cpp; sourceTree = "<group>"; };
		6CBABE771B2459510081944E /* PointLight.h */ = {isa = PBXFileReference; fileEncoding = 4; lastKnownFileType = sourcecode.c.h; path = PointLight.h; sourceTree = "<group>"; };
		6CBABE791B258E860081944E /* DirectionalLight.cpp */ = {isa = PBXFileReference; fileEncoding = 4; lastKnownFileType = sourcecode.cpp.cpp; path = DirectionalLight.cpp; sourceTree = "<group>"; };
		6CBABE7A1B258E860081944E /* DirectionalLight.h */ = {isa = PBXFileReference; fileEncoding = 4; lastKnownFileType = sourcecode.c.h; path = DirectionalLight.h; sourceTree = "<group>"; };
		6CCB996F1ADD1697002CCDD5 /* SEngineX.app */ = {isa = PBXFileReference; explicitFileType = wrapper.application; includeInIndex = 0; path = SEngineX.app; sourceTree = BUILT_PRODUCTS_DIR; };
		6CCB99731ADD1697002CCDD5 /* SEngineX-Info.plist */ = {isa = PBXFileReference; lastKnownFileType = text.plist.xml; path = "SEngineX-Info.plist"; sourceTree = "<group>"; };
		6CCB99741ADD1697002CCDD5 /* ResourcePath.mm */ = {isa = PBXFileReference; lastKnownFileType = sourcecode.cpp.objcpp; path = ResourcePath.mm; sourceTree = "<group>"; };
		6CCB99761ADD1697002CCDD5 /* ResourcePath.hpp */ = {isa = PBXFileReference; lastKnownFileType = sourcecode.cpp.h; path = ResourcePath.hpp; sourceTree = "<group>"; };
		6CCB99771ADD1697002CCDD5 /* main.cpp */ = {isa = PBXFileReference; lastKnownFileType = sourcecode.cpp.cpp; path = main.cpp; sourceTree = "<group>"; };
		6CCB99871ADD18E0002CCDD5 /* OpenGL.framework */ = {isa = PBXFileReference; lastKnownFileType = wrapper.framework; name = OpenGL.framework; path = System/Library/Frameworks/OpenGL.framework; sourceTree = SDKROOT; };
		6CDB74881ADE30BB009BD230 /* basic.vs */ = {isa = PBXFileReference; fileEncoding = 4; lastKnownFileType = sourcecode.glsl; path = basic.vs; sourceTree = "<group>"; };
		6CDB748A1ADE30CD009BD230 /* basic.fs */ = {isa = PBXFileReference; fileEncoding = 4; lastKnownFileType = sourcecode.glsl; path = basic.fs; sourceTree = "<group>"; };
		6CDB748C1ADE3292009BD230 /* util.cpp */ = {isa = PBXFileReference; fileEncoding = 4; lastKnownFileType = sourcecode.cpp.cpp; path = util.cpp; sourceTree = "<group>"; };
		6CDB748D1ADE3292009BD230 /* util.h */ = {isa = PBXFileReference; fileEncoding = 4; lastKnownFileType = sourcecode.c.h; path = util.h; sourceTree = "<group>"; };
		6CDB74921ADE4082009BD230 /* libglfw.3.1.dylib */ = {isa = PBXFileReference; lastKnownFileType = "compiled.mach-o.dylib"; name = libglfw.3.1.dylib; path = ../../../../usr/local/lib/libglfw.3.1.dylib; sourceTree = "<group>"; };
		6CDB74941ADE5C88009BD230 /* Shader.cpp */ = {isa = PBXFileReference; fileEncoding = 4; lastKnownFileType = sourcecode.cpp.cpp; path = Shader.cpp; sourceTree = "<group>"; };
		6CDB74951ADE5C88009BD230 /* Shader.h */ = {isa = PBXFileReference; fileEncoding = 4; lastKnownFileType = sourcecode.c.h; path = Shader.h; sourceTree = "<group>"; };
		6CDB74971ADE5CD5009BD230 /* Object.cpp */ = {isa = PBXFileReference; fileEncoding = 4; lastKnownFileType = sourcecode.cpp.cpp; path = Object.cpp; sourceTree = "<group>"; };
		6CDB74981ADE5CD5009BD230 /* Object.h */ = {isa = PBXFileReference; fileEncoding = 4; lastKnownFileType = sourcecode.c.h; path = Object.h; sourceTree = "<group>"; };
		6CDB749A1ADFB235009BD230 /* libfreeimage.a */ = {isa = PBXFileReference; lastKnownFileType = archive.ar; name = libfreeimage.a; path = ../../../../usr/local/lib/libfreeimage.a; sourceTree = "<group>"; };
		6CDB749C1ADFB57B009BD230 /* container.jpg */ = {isa = PBXFileReference; lastKnownFileType = image.jpeg; path = container.jpg; sourceTree = "<group>"; };
		6CDB749E1ADFC574009BD230 /* Texture.cpp */ = {isa = PBXFileReference; fileEncoding = 4; lastKnownFileType = sourcecode.cpp.cpp; path = Texture.cpp; sourceTree = "<group>"; };
		6CDB749F1ADFC574009BD230 /* Texture.h */ = {isa = PBXFileReference; fileEncoding = 4; lastKnownFileType = sourcecode.c.h; path = Texture.h; sourceTree = "<group>"; };
		6CDB74A11ADFCA6C009BD230 /* Engine.cpp */ = {isa = PBXFileReference; fileEncoding = 4; lastKnownFileType = sourcecode.cpp.cpp; path = Engine.cpp; sourceTree = "<group>"; };
		6CDB74A21ADFCA6C009BD230 /* Engine.h */ = {isa = PBXFileReference; fileEncoding = 4; lastKnownFileType = sourcecode.c.h; path = Engine.h; sourceTree = "<group>"; };
		6CDB74A41AE10CDD009BD230 /* awesomeface.png */ = {isa = PBXFileReference; lastKnownFileType = image.png; path = awesomeface.png; sourceTree = "<group>"; };
		6CDB74A61AE12879009BD230 /* Transform.cpp */ = {isa = PBXFileReference; fileEncoding = 4; lastKnownFileType = sourcecode.cpp.cpp; path = Transform.cpp; sourceTree = "<group>"; };
		6CDB74A71AE12879009BD230 /* Transform.h */ = {isa = PBXFileReference; fileEncoding = 4; lastKnownFileType = sourcecode.c.h; path = Transform.h; sourceTree = "<group>"; };
		6CDB74A91AE4E7CD009BD230 /* Camera.cpp */ = {isa = PBXFileReference; fileEncoding = 4; lastKnownFileType = sourcecode.cpp.cpp; path = Camera.cpp; sourceTree = "<group>"; };
		6CDB74AA1AE4E7CD009BD230 /* Camera.h */ = {isa = PBXFileReference; fileEncoding = 4; lastKnownFileType = sourcecode.c.h; path = Camera.h; sourceTree = "<group>"; };
/* End PBXFileReference section */

/* Begin PBXFrameworksBuildPhase section */
		6CCB996B1ADD1697002CCDD5 /* Frameworks */ = {
			isa = PBXFrameworksBuildPhase;
			buildActionMask = 2147483647;
			files = (
				6CDB749B1ADFB235009BD230 /* libfreeimage.a in Frameworks */,
				6CDB74931ADE4082009BD230 /* libglfw.3.1.dylib in Frameworks */,
				6CDB74911ADE3F8B009BD230 /* OpenGL.framework in Frameworks */,
			);
			runOnlyForDeploymentPostprocessing = 0;
		};
/* End PBXFrameworksBuildPhase section */

/* Begin PBXGroup section */
		6CBABE751B24592F0081944E /* Lighting */ = {
			isa = PBXGroup;
			children = (
				6CBABE721B2456A10081944E /* Light.h */,
				6CBABE711B2456A10081944E /* Light.cpp */,
				6CBABE761B2459510081944E /* PointLight.cpp */,
				6CBABE771B2459510081944E /* PointLight.h */,
				6CBABE791B258E860081944E /* DirectionalLight.cpp */,
				6CBABE7A1B258E860081944E /* DirectionalLight.h */,
			);
			name = Lighting;
			sourceTree = "<group>";
		};
		6CCB99651ADD1697002CCDD5 = {
			isa = PBXGroup;
			children = (
				6CDB749A1ADFB235009BD230 /* libfreeimage.a */,
				6CDB74921ADE4082009BD230 /* libglfw.3.1.dylib */,
				6CCB99871ADD18E0002CCDD5 /* OpenGL.framework */,
				6CCB99711ADD1697002CCDD5 /* SEngineX */,
				6CCB99701ADD1697002CCDD5 /* Products */,
			);
			sourceTree = "<group>";
		};
		6CCB99701ADD1697002CCDD5 /* Products */ = {
			isa = PBXGroup;
			children = (
				6CCB996F1ADD1697002CCDD5 /* SEngineX.app */,
			);
			name = Products;
			sourceTree = "<group>";
		};
		6CCB99711ADD1697002CCDD5 /* SEngineX */ = {
			isa = PBXGroup;
			children = (
				6CBABE751B24592F0081944E /* Lighting */,
				6CCB99741ADD1697002CCDD5 /* ResourcePath.mm */,
				6CCB99761ADD1697002CCDD5 /* ResourcePath.hpp */,
				6CDB749E1ADFC574009BD230 /* Texture.cpp */,
				6CDB749F1ADFC574009BD230 /* Texture.h */,
				6CCB99771ADD1697002CCDD5 /* main.cpp */,
				6CCB99791ADD1697002CCDD5 /* Resources */,
				6CCB99721ADD1697002CCDD5 /* Supporting Files */,
				6CDB748C1ADE3292009BD230 /* util.cpp */,
				6CDB748D1ADE3292009BD230 /* util.h */,
				6CDB74941ADE5C88009BD230 /* Shader.cpp */,
				6CDB74951ADE5C88009BD230 /* Shader.h */,
				6CDB74971ADE5CD5009BD230 /* Object.cpp */,
				6CDB74981ADE5CD5009BD230 /* Object.h */,
				6CDB74A11ADFCA6C009BD230 /* Engine.cpp */,
				6CDB74A21ADFCA6C009BD230 /* Engine.h */,
				6CDB74A61AE12879009BD230 /* Transform.cpp */,
				6CDB74A71AE12879009BD230 /* Transform.h */,
				6CDB74A91AE4E7CD009BD230 /* Camera.cpp */,
				6CDB74AA1AE4E7CD009BD230 /* Camera.h */,
				6CBABE6E1B2451780081944E /* Renderer.cpp */,
				6CBABE6F1B2451780081944E /* Renderer.h */,
			);
			path = SEngineX;
			sourceTree = "<group>";
		};
		6CCB99721ADD1697002CCDD5 /* Supporting Files */ = {
			isa = PBXGroup;
			children = (
				6CCB99731ADD1697002CCDD5 /* SEngineX-Info.plist */,
			);
			name = "Supporting Files";
			sourceTree = "<group>";
		};
		6CCB99791ADD1697002CCDD5 /* Resources */ = {
			isa = PBXGroup;
			children = (
				6CBABE6C1AF21D6F0081944E /* container2.png */,
				6CDB74A41AE10CDD009BD230 /* awesomeface.png */,
				6CDB749C1ADFB57B009BD230 /* container.jpg */,
				6CDB74881ADE30BB009BD230 /* basic.vs */,
				6CDB748A1ADE30CD009BD230 /* basic.fs */,
			);
			name = Resources;
			sourceTree = "<group>";
		};
/* End PBXGroup section */

/* Begin PBXNativeTarget section */
		6CCB996E1ADD1697002CCDD5 /* SEngineX */ = {
			isa = PBXNativeTarget;
			buildConfigurationList = 6CCB99841ADD1697002CCDD5 /* Build configuration list for PBXNativeTarget "SEngineX" */;
			buildPhases = (
				6CCB996A1ADD1697002CCDD5 /* Sources */,
				6CCB996B1ADD1697002CCDD5 /* Frameworks */,
				6CCB996C1ADD1697002CCDD5 /* Resources */,
				6CCB996D1ADD1697002CCDD5 /* ShellScript */,
			);
			buildRules = (
			);
			dependencies = (
			);
			name = SEngineX;
			productName = SEngineX;
			productReference = 6CCB996F1ADD1697002CCDD5 /* SEngineX.app */;
			productType = "com.apple.product-type.application";
		};
/* End PBXNativeTarget section */

/* Begin PBXProject section */
		6CCB99661ADD1697002CCDD5 /* Project object */ = {
			isa = PBXProject;
			attributes = {
				LastUpgradeCheck = 0510;
				ORGANIZATIONNAME = simonmc.net;
			};
			buildConfigurationList = 6CCB99691ADD1697002CCDD5 /* Build configuration list for PBXProject "SEngineX" */;
			compatibilityVersion = "Xcode 3.2";
			developmentRegion = English;
			hasScannedForEncodings = 0;
			knownRegions = (
				en,
			);
			mainGroup = 6CCB99651ADD1697002CCDD5;
			productRefGroup = 6CCB99701ADD1697002CCDD5 /* Products */;
			projectDirPath = "";
			projectRoot = "";
			targets = (
				6CCB996E1ADD1697002CCDD5 /* SEngineX */,
			);
		};
/* End PBXProject section */

/* Begin PBXResourcesBuildPhase section */
		6CCB996C1ADD1697002CCDD5 /* Resources */ = {
			isa = PBXResourcesBuildPhase;
			buildActionMask = 2147483647;
			files = (
				6CDB74891ADE30BB009BD230 /* basic.vs in Resources */,
				6CBABE6D1AF21D6F0081944E /* container2.png in Resources */,
				6CDB749D1ADFB57B009BD230 /* container.jpg in Resources */,
				6CDB74A51AE10CDD009BD230 /* awesomeface.png in Resources */,
				6CDB748B1ADE30CD009BD230 /* basic.fs in Resources */,
			);
			runOnlyForDeploymentPostprocessing = 0;
		};
/* End PBXResourcesBuildPhase section */

/* Begin PBXShellScriptBuildPhase section */
		6CCB996D1ADD1697002CCDD5 /* ShellScript */ = {
			isa = PBXShellScriptBuildPhase;
			buildActionMask = 2147483647;
			files = (
			);
			inputPaths = (
			);
			outputPaths = (
			);
			runOnlyForDeploymentPostprocessing = 0;
			shellPath = /bin/sh;
			shellScript = "# This shell script simply copies required SFML dylibs/frameworks into the application bundle frameworks folder.\n# If you're using static libraries (which is not recommended) you should remove this script from your project.\n\n# Are we building a project that uses frameworks or dylibs?\ncase \"$SFML_BINARY_TYPE\" in\n    DYLIBS)\n        frameworks=\"false\"\n        ;;\n    *)\n        frameworks=\"true\"\n        ;;\nesac\n\n# Echoes to stderr\nerror () # $* message to display\n{\n    echo $* 1>&2\n    exit 2\n}\n\nassert () # $1 is a boolean, $2...N is an error message\n{\n    if [ $# -lt 2 ]\n    then\n        error \"Internal error in assert : not enough args\"\n    fi\n\n    if [ $1 -ne 0 ]\n    then\n        shift\n        error \"$*\"\n    fi\n}\n\nforce_remove () # $@ is some paths\n{\n    test $# -ge 1\n    assert $? \"force_remove() requires at least one parameter\"\n    rm -fr $@\n    assert $? \"couldn't remove $@\"\n}\n\ncopy () # $1 is a source, $2 is a destination\n{\n    test $# -eq 2\n    assert $? \"copy() requires two parameters\"\n    ditto \"$1\" \"$2\"\n    assert $? \"couldn't copy $1 to $2\"\n}\n\nrequire () # $1 is a SFML module like 'system' or 'audio'\n{\n    dest=\"$BUILT_PRODUCTS_DIR/$PRODUCT_NAME.app/Contents/Frameworks\"\n\n    if [ -z \"$1\" ]\n    then\n        error \"require() requires one parameter!\"\n    else\n        # clean potentially old stuff\n        force_remove \"$dest/libsfml-$1\"*\n        force_remove \"$dest/sfml-$1.framework\"\n\n        # copy SFML libraries\n        if [ \"$frameworks\" = \"true\" ]\n        then\n            source=\"/Library/Frameworks/sfml-$1.framework\"\n            target=\"sfml-$1.framework\"\n        elif [ \"$SFML_LINK_DYLIBS_SUFFIX\" = \"-d\" ]\n        then\n            source=\"/usr/local/lib/libsfml-$1-d.dylib\"\n            target=\"`readlink $source`\"\n        else\n            source=\"/usr/local/lib/libsfml-$1.dylib\"\n            target=\"`readlink $source`\"\n        fi\n\n        copy \"$source\" \"$dest/$target\"\n\n        # copy extra dependencies\n        if [ \"$1\" = \"audio\" ]\n        then\n            # copy sndfile framework too\n            copy \"/Library/Frameworks/sndfile.framework\" \"$dest/sndfile.framework\"\n        elif [ \"$1\" = \"graphics\" ]\n        then\n            # copy freetype framework too\n            copy \"/Library/Frameworks/freetype.framework\" \"$dest/freetype.framework\"\n        fi\n    fi\n}\n\nif [ -n \"$SFML_SYSTEM\" ]\nthen\n    require \"system\"\nfi\n\nif [ -n \"$SFML_AUDIO\" ]\nthen\n    require \"audio\"\nfi\n\nif [ -n \"$SFML_NETWORK\" ]\nthen\n    require \"network\"\nfi\n\nif [ -n \"$SFML_WINDOW\" ]\nthen\n    require \"window\"\nfi\n\nif [ -n \"$SFML_GRAPHICS\" ]\nthen\n    require \"graphics\"\nfi\n\n                ";
		};
/* End PBXShellScriptBuildPhase section */

/* Begin PBXSourcesBuildPhase section */
		6CCB996A1ADD1697002CCDD5 /* Sources */ = {
			isa = PBXSourcesBuildPhase;
			buildActionMask = 2147483647;
			files = (
				6CBABE7B1B258E860081944E /* DirectionalLight.cpp in Sources */,
				6CBABE731B2456A10081944E /* Light.cpp in Sources */,
				6CCB99781ADD1697002CCDD5 /* main.cpp in Sources */,
				6CCB99751ADD1697002CCDD5 /* ResourcePath.mm in Sources */,
				6CDB74A81AE12879009BD230 /* Transform.cpp in Sources */,
				6CDB74961ADE5C88009BD230 /* Shader.cpp in Sources */,
				6CDB74AB1AE4E7CD009BD230 /* Camera.cpp in Sources */,
				6CDB74A01ADFC574009BD230 /* Texture.cpp in Sources */,
				6CBABE701B2451780081944E /* Renderer.cpp in Sources */,
				6CDB74A31ADFCA6C009BD230 /* Engine.cpp in Sources */,
				6CBABE781B2459510081944E /* PointLight.cpp in Sources */,
				6CDB74991ADE5CD5009BD230 /* Object.cpp in Sources */,
				6CDB748E1ADE3292009BD230 /* util.cpp in Sources */,
			);
			runOnlyForDeploymentPostprocessing = 0;
		};
/* End PBXSourcesBuildPhase section */

/* Begin XCBuildConfiguration section */
		6CCB99821ADD1697002CCDD5 /* Debug */ = {
			isa = XCBuildConfiguration;
			buildSettings = {
				ARCHS = (
					i386,
					x86_64,
				);
				CLANG_CXX_LANGUAGE_STANDARD = "c++0x";
				CLANG_CXX_LIBRARY = "libc++";
				FRAMEWORK_SEARCH_PATHS = (
					/Library/Frameworks/,
					"$(inherited)",
				);
				GCC_VERSION = com.apple.compilers.llvm.clang.1_0;
				HEADER_SEARCH_PATHS = (
					/usr/local/include/,
					"$(inherited)",
				);
				LIBRARY_SEARCH_PATHS = (
					/usr/local/lib/,
					"$(inherited)",
				);
				MACOSX_DEPLOYMENT_TARGET = 10.7;
				OTHER_LDFLAGS = (
					"$(inherited)",
					"$(SFML_SYSTEM)",
					"$(SFML_WINDOW)",
					"$(SFML_GRAPHICS)",
					"$(SFML_AUDIO)",
					"$(SFML_NETWORK)",
				);
				SFML_AUDIO = "$(SFML_LINK_PREFIX) sfml-audio$(SFML_LINK_SUFFIX)";
				SFML_BINARY_TYPE = FRAMEWORKS;
				SFML_GRAPHICS = "$(SFML_LINK_PREFIX) sfml-graphics$(SFML_LINK_SUFFIX)";
				SFML_LINK_DYLIBS_PREFIX = "-l";
				SFML_LINK_DYLIBS_SUFFIX = "";
				SFML_LINK_FRAMEWORKS_PREFIX = "-framework";
				SFML_LINK_FRAMEWORKS_SUFFIX = "";
				SFML_LINK_PREFIX = "$(SFML_LINK_$(SFML_BINARY_TYPE)_PREFIX)";
				SFML_LINK_SUFFIX = "$(SFML_LINK_$(SFML_BINARY_TYPE)_SUFFIX)";
				SFML_NETWORK = "$(SFML_LINK_PREFIX) sfml-network$(SFML_LINK_SUFFIX)";
				SFML_SYSTEM = "$(SFML_LINK_PREFIX) sfml-system$(SFML_LINK_SUFFIX)";
				SFML_WINDOW = "$(SFML_LINK_PREFIX) sfml-window$(SFML_LINK_SUFFIX)";
				SUPPORTED_PLATFORMS = macosx;
			};
			name = Debug;
		};
		6CCB99831ADD1697002CCDD5 /* Release */ = {
			isa = XCBuildConfiguration;
			buildSettings = {
				ARCHS = (
					i386,
					x86_64,
				);
				CLANG_CXX_LANGUAGE_STANDARD = "c++0x";
				CLANG_CXX_LIBRARY = "libc++";
				FRAMEWORK_SEARCH_PATHS = (
					/Library/Frameworks/,
					"$(inherited)",
				);
				GCC_VERSION = com.apple.compilers.llvm.clang.1_0;
				HEADER_SEARCH_PATHS = (
					/usr/local/include/,
					"$(inherited)",
				);
				LIBRARY_SEARCH_PATHS = (
					/usr/local/lib/,
					"$(inherited)",
				);
				MACOSX_DEPLOYMENT_TARGET = 10.7;
				OTHER_LDFLAGS = (
					"$(inherited)",
					"$(SFML_SYSTEM)",
					"$(SFML_WINDOW)",
					"$(SFML_GRAPHICS)",
					"$(SFML_AUDIO)",
					"$(SFML_NETWORK)",
				);
				SFML_AUDIO = "$(SFML_LINK_PREFIX) sfml-audio$(SFML_LINK_SUFFIX)";
				SFML_BINARY_TYPE = FRAMEWORKS;
				SFML_GRAPHICS = "$(SFML_LINK_PREFIX) sfml-graphics$(SFML_LINK_SUFFIX)";
				SFML_LINK_DYLIBS_PREFIX = "-l";
				SFML_LINK_DYLIBS_SUFFIX = "";
				SFML_LINK_FRAMEWORKS_PREFIX = "-framework";
				SFML_LINK_FRAMEWORKS_SUFFIX = "";
				SFML_LINK_PREFIX = "$(SFML_LINK_$(SFML_BINARY_TYPE)_PREFIX)";
				SFML_LINK_SUFFIX = "$(SFML_LINK_$(SFML_BINARY_TYPE)_SUFFIX)";
				SFML_NETWORK = "$(SFML_LINK_PREFIX) sfml-network$(SFML_LINK_SUFFIX)";
				SFML_SYSTEM = "$(SFML_LINK_PREFIX) sfml-system$(SFML_LINK_SUFFIX)";
				SFML_WINDOW = "$(SFML_LINK_PREFIX) sfml-window$(SFML_LINK_SUFFIX)";
				SUPPORTED_PLATFORMS = macosx;
			};
			name = Release;
		};
		6CCB99851ADD1697002CCDD5 /* Debug */ = {
			isa = XCBuildConfiguration;
			buildSettings = {
				ARCHS = "$(ARCHS_STANDARD_64_BIT)";
				INFOPLIST_FILE = "SEngineX/SEngineX-Info.plist";
				LD_RUNPATH_SEARCH_PATHS = "@loader_path/../Frameworks";
				PRODUCT_NAME = "$(TARGET_NAME)";
			};
			name = Debug;
		};
		6CCB99861ADD1697002CCDD5 /* Release */ = {
			isa = XCBuildConfiguration;
			buildSettings = {
				ARCHS = "$(ARCHS_STANDARD_64_BIT)";
				INFOPLIST_FILE = "SEngineX/SEngineX-Info.plist";
				LD_RUNPATH_SEARCH_PATHS = "@loader_path/../Frameworks";
				PRODUCT_NAME = "$(TARGET_NAME)";
			};
			name = Release;
		};
/* End XCBuildConfiguration section */

/* Begin XCConfigurationList section */
		6CCB99691ADD1697002CCDD5 /* Build configuration list for PBXProject "SEngineX" */ = {
			isa = XCConfigurationList;
			buildConfigurations = (
				6CCB99821ADD1697002CCDD5 /* Debug */,
				6CCB99831ADD1697002CCDD5 /* Release */,
			);
			defaultConfigurationIsVisible = 0;
			defaultConfigurationName = Release;
		};
		6CCB99841ADD1697002CCDD5 /* Build configuration list for PBXNativeTarget "SEngineX" */ = {
			isa = XCConfigurationList;
			buildConfigurations = (
				6CCB99851ADD1697002CCDD5 /* Debug */,
				6CCB99861ADD1697002CCDD5 /* Release */,
			);
			defaultConfigurationIsVisible = 0;
			defaultConfigurationName = Release;
		};
/* End XCConfigurationList section */
	};
	rootObject = 6CCB99661ADD1697002CCDD5 /* Project object */;
}
